github.com/rz1226/kits2 v0.0.2 h1:ovKRAral7Tey0MyKdeh7igo1s2kzTBuVypMNA3w4ZDM=
github.com/rz1226/kits2 v0.0.2/go.mod h1:3R9Idhd/cTbo1fbD2W02Rk248QoYTCAm1fEoghebmCw=
github.com/rz1226/serverkit v1.0.0 h1:dZuVIg8N0uaHvwA8DlDtoJqs6ikITjSqc+j4ovOYFCk=
github.com/rz1226/serverkit v1.0.0/go.mod h1:jZ9dIye7VC6UvTcn5cc7w/HKjBP+4cXLFq4trgRT1F4=
